
Microsoft Visual Studio Solution File, Format Version 12.00
# Visual Studio Version 16
VisualStudioVersion = 16.0.30320.27
MinimumVisualStudioVersion = 10.0.40219.1
Project("{FAE04EC0-301F-11D3-BF4B-00C04F79EFBC}") = "TelltaleModLauncher", "TelltaleModLauncher\TelltaleModLauncher.csproj", "{863D1CA8-665D-471B-850D-1926A7CB9227}"
EndProject
Global
	GlobalSection(SolutionConfigurationPlatforms) = preSolution
		Debug|Any CPU = Debug|Any CPU
		Release|Any CPU = Release|Any CPU
	EndGlobalSection
	GlobalSection(ProjectConfigurationPlatforms) = postSolution
		{863D1CA8-665D-471B-850D-1926A7CB9227}.Debug|Any CPU.ActiveCfg = Debug|Any CPU
		{863D1CA8-665D-471B-850D-1926A7CB9227}.Debug|Any CPU.Build.0 = Debug|Any CPU
		{863D1CA8-665D-471B-850D-1926A7CB9227}.Release|Any CPU.ActiveCfg = Release|Any CPU
		{863D1CA8-665D-471B-850D-1926A7CB9227}.Release|Any CPU.Build.0 = Release|Any CPU
	EndGlobalSection
	GlobalSection(SolutionProperties) = preSolution
		HideSolutionNode = FALSE
	EndGlobalSection
	GlobalSection(ExtensibilityGlobals) = postSolution
		SolutionGuid = {6D15BB1E-53C0-4605-8315-AAA9CD858512}
	EndGlobalSection
EndGlobal
